// !$*UTF8*$!
{
	archiveVersion = 1;
	classes = {
	};
	objectVersion = 46;
	objects = {

/* Begin PBXBuildFile section */
		042E53801A6081AC001512A7 /* ProfileViewController.m in Sources */ = {isa = PBXBuildFile; fileRef = 042E537F1A6081AC001512A7 /* ProfileViewController.m */; };
		042E53831A608211001512A7 /* AddRoomViewController.m in Sources */ = {isa = PBXBuildFile; fileRef = 042E53821A608211001512A7 /* AddRoomViewController.m */; };
		0437C0021A63D2D7006030B1 /* GeoChatAPIManager.m in Sources */ = {isa = PBXBuildFile; fileRef = 0437C0011A63D2D7006030B1 /* GeoChatAPIManager.m */; };
		0437C0061A647CC5006030B1 /* FacebookSDK.framework in Frameworks */ = {isa = PBXBuildFile; fileRef = 042056FB1A5F994C000AB9C6 /* FacebookSDK.framework */; };
		04A8FF271A5FAED600E638E8 /* MainViewController.m in Sources */ = {isa = PBXBuildFile; fileRef = 04A8FF261A5FAED600E638E8 /* MainViewController.m */; };
		04A8FF2C1A5FAFEC00E638E8 /* GeoChatManager.m in Sources */ = {isa = PBXBuildFile; fileRef = 04A8FF291A5FAFEC00E638E8 /* GeoChatManager.m */; };
		04A8FF2D1A5FAFEC00E638E8 /* GeoChatUser.m in Sources */ = {isa = PBXBuildFile; fileRef = 04A8FF2B1A5FAFEC00E638E8 /* GeoChatUser.m */; };
		04A8FF301A5FB25600E638E8 /* MapKit.framework in Frameworks */ = {isa = PBXBuildFile; fileRef = 04A8FF2F1A5FB25600E638E8 /* MapKit.framework */; };
		04A8FF371A5FB3DF00E638E8 /* actions-ellipse.png in Resources */ = {isa = PBXBuildFile; fileRef = 04A8FF311A5FB3DF00E638E8 /* actions-ellipse.png */; };
		04A8FF381A5FB3DF00E638E8 /* actions-ellipse@2x.png in Resources */ = {isa = PBXBuildFile; fileRef = 04A8FF321A5FB3DF00E638E8 /* actions-ellipse@2x.png */; };
		04A8FF391A5FB3DF00E638E8 /* actions-ellipse@3x.png in Resources */ = {isa = PBXBuildFile; fileRef = 04A8FF331A5FB3DF00E638E8 /* actions-ellipse@3x.png */; };
		04A8FF3A1A5FB3DF00E638E8 /* System-settings-icon.png in Resources */ = {isa = PBXBuildFile; fileRef = 04A8FF341A5FB3DF00E638E8 /* System-settings-icon.png */; };
		04A8FF3B1A5FB3DF00E638E8 /* System-settings-icon@2x.png in Resources */ = {isa = PBXBuildFile; fileRef = 04A8FF351A5FB3DF00E638E8 /* System-settings-icon@2x.png */; };
		04A8FF3C1A5FB3DF00E638E8 /* System-settings-icon@3x.png in Resources */ = {isa = PBXBuildFile; fileRef = 04A8FF361A5FB3DF00E638E8 /* System-settings-icon@3x.png */; };
		21E8D90797A866748C2DD0C8 /* libPods-GeoChat.a in Frameworks */ = {isa = PBXBuildFile; fileRef = 354FA1921B2DA17F430ABB24 /* libPods-GeoChat.a */; };
		C43E4B6F1A66074B007A56B2 /* LeftViewController.m in Sources */ = {isa = PBXBuildFile; fileRef = C43E4B6E1A66074B007A56B2 /* LeftViewController.m */; };
		C43E4B751A660D8A007A56B2 /* MMExampleDrawerVisualStateManager.m in Sources */ = {isa = PBXBuildFile; fileRef = C43E4B741A660D8A007A56B2 /* MMExampleDrawerVisualStateManager.m */; };
		C4A2537D1A5E2A7C00D42F2F /* main.m in Sources */ = {isa = PBXBuildFile; fileRef = C4A2537C1A5E2A7C00D42F2F /* main.m */; };
		C4A253801A5E2A7C00D42F2F /* AppDelegate.m in Sources */ = {isa = PBXBuildFile; fileRef = C4A2537F1A5E2A7C00D42F2F /* AppDelegate.m */; };
		C4A253831A5E2A7C00D42F2F /* GeoChat.xcdatamodeld in Sources */ = {isa = PBXBuildFile; fileRef = C4A253811A5E2A7C00D42F2F /* GeoChat.xcdatamodeld */; };
		C4A253891A5E2A7C00D42F2F /* Main.storyboard in Resources */ = {isa = PBXBuildFile; fileRef = C4A253871A5E2A7C00D42F2F /* Main.storyboard */; };
		C4A2538B1A5E2A7C00D42F2F /* Images.xcassets in Resources */ = {isa = PBXBuildFile; fileRef = C4A2538A1A5E2A7C00D42F2F /* Images.xcassets */; };
		C4A2538E1A5E2A7C00D42F2F /* LaunchScreen.xib in Resources */ = {isa = PBXBuildFile; fileRef = C4A2538C1A5E2A7C00D42F2F /* LaunchScreen.xib */; };
		C4A2539A1A5E2A7C00D42F2F /* GeoChatTests.m in Sources */ = {isa = PBXBuildFile; fileRef = C4A253991A5E2A7C00D42F2F /* GeoChatTests.m */; };
		C4A253AD1A5E4C0900D42F2F /* LoginViewController.m in Sources */ = {isa = PBXBuildFile; fileRef = C4A253AC1A5E4C0900D42F2F /* LoginViewController.m */; };
/* End PBXBuildFile section */

/* Begin PBXContainerItemProxy section */
		C4A253941A5E2A7C00D42F2F /* PBXContainerItemProxy */ = {
			isa = PBXContainerItemProxy;
			containerPortal = C4A2536F1A5E2A7C00D42F2F /* Project object */;
			proxyType = 1;
			remoteGlobalIDString = C4A253761A5E2A7C00D42F2F;
			remoteInfo = GeoChat;
		};
/* End PBXContainerItemProxy section */

/* Begin PBXFileReference section */
		042056FB1A5F994C000AB9C6 /* FacebookSDK.framework */ = {isa = PBXFileReference; lastKnownFileType = wrapper.framework; name = FacebookSDK.framework; path = ../../../Documents/FacebookSDK/FacebookSDK.framework; sourceTree = "<group>"; };
		042E537E1A6081AC001512A7 /* ProfileViewController.h */ = {isa = PBXFileReference; fileEncoding = 4; lastKnownFileType = sourcecode.c.h; path = ProfileViewController.h; sourceTree = "<group>"; };
		042E537F1A6081AC001512A7 /* ProfileViewController.m */ = {isa = PBXFileReference; fileEncoding = 4; lastKnownFileType = sourcecode.c.objc; path = ProfileViewController.m; sourceTree = "<group>"; };
		042E53811A608211001512A7 /* AddRoomViewController.h */ = {isa = PBXFileReference; fileEncoding = 4; lastKnownFileType = sourcecode.c.h; path = AddRoomViewController.h; sourceTree = "<group>"; };
		042E53821A608211001512A7 /* AddRoomViewController.m */ = {isa = PBXFileReference; fileEncoding = 4; lastKnownFileType = sourcecode.c.objc; path = AddRoomViewController.m; sourceTree = "<group>"; };
		0437C0001A63D2D7006030B1 /* GeoChatAPIManager.h */ = {isa = PBXFileReference; fileEncoding = 4; lastKnownFileType = sourcecode.c.h; path = GeoChatAPIManager.h; sourceTree = "<group>"; };
		0437C0011A63D2D7006030B1 /* GeoChatAPIManager.m */ = {isa = PBXFileReference; fileEncoding = 4; lastKnownFileType = sourcecode.c.objc; path = GeoChatAPIManager.m; sourceTree = "<group>"; };
		04A8FF251A5FAED600E638E8 /* MainViewController.h */ = {isa = PBXFileReference; fileEncoding = 4; lastKnownFileType = sourcecode.c.h; path = MainViewController.h; sourceTree = "<group>"; };
		04A8FF261A5FAED600E638E8 /* MainViewController.m */ = {isa = PBXFileReference; fileEncoding = 4; lastKnownFileType = sourcecode.c.objc; path = MainViewController.m; sourceTree = "<group>"; };
		04A8FF281A5FAFEC00E638E8 /* GeoChatManager.h */ = {isa = PBXFileReference; fileEncoding = 4; lastKnownFileType = sourcecode.c.h; path = GeoChatManager.h; sourceTree = "<group>"; };
		04A8FF291A5FAFEC00E638E8 /* GeoChatManager.m */ = {isa = PBXFileReference; fileEncoding = 4; lastKnownFileType = sourcecode.c.objc; path = GeoChatManager.m; sourceTree = "<group>"; };
		04A8FF2A1A5FAFEC00E638E8 /* GeoChatUser.h */ = {isa = PBXFileReference; fileEncoding = 4; lastKnownFileType = sourcecode.c.h; path = GeoChatUser.h; sourceTree = "<group>"; };
		04A8FF2B1A5FAFEC00E638E8 /* GeoChatUser.m */ = {isa = PBXFileReference; fileEncoding = 4; lastKnownFileType = sourcecode.c.objc; path = GeoChatUser.m; sourceTree = "<group>"; };
		04A8FF2F1A5FB25600E638E8 /* MapKit.framework */ = {isa = PBXFileReference; lastKnownFileType = wrapper.framework; name = MapKit.framework; path = System/Library/Frameworks/MapKit.framework; sourceTree = SDKROOT; };
		04A8FF311A5FB3DF00E638E8 /* actions-ellipse.png */ = {isa = PBXFileReference; lastKnownFileType = image.png; path = "actions-ellipse.png"; sourceTree = "<group>"; };
		04A8FF321A5FB3DF00E638E8 /* actions-ellipse@2x.png */ = {isa = PBXFileReference; lastKnownFileType = image.png; path = "actions-ellipse@2x.png"; sourceTree = "<group>"; };
		04A8FF331A5FB3DF00E638E8 /* actions-ellipse@3x.png */ = {isa = PBXFileReference; lastKnownFileType = image.png; path = "actions-ellipse@3x.png"; sourceTree = "<group>"; };
		04A8FF341A5FB3DF00E638E8 /* System-settings-icon.png */ = {isa = PBXFileReference; lastKnownFileType = image.png; path = "System-settings-icon.png"; sourceTree = "<group>"; };
		04A8FF351A5FB3DF00E638E8 /* System-settings-icon@2x.png */ = {isa = PBXFileReference; lastKnownFileType = image.png; path = "System-settings-icon@2x.png"; sourceTree = "<group>"; };
		04A8FF361A5FB3DF00E638E8 /* System-settings-icon@3x.png */ = {isa = PBXFileReference; lastKnownFileType = image.png; path = "System-settings-icon@3x.png"; sourceTree = "<group>"; };
		354FA1921B2DA17F430ABB24 /* libPods-GeoChat.a */ = {isa = PBXFileReference; explicitFileType = archive.ar; includeInIndex = 0; path = "libPods-GeoChat.a"; sourceTree = BUILT_PRODUCTS_DIR; };
		A62FCA1D7E2C900FECDC0FF4 /* Pods-GeoChat.debug.xcconfig */ = {isa = PBXFileReference; includeInIndex = 1; lastKnownFileType = text.xcconfig; name = "Pods-GeoChat.debug.xcconfig"; path = "Pods/Target Support Files/Pods-GeoChat/Pods-GeoChat.debug.xcconfig"; sourceTree = "<group>"; };
		BECA7C351FEDD1FD50636D0C /* Pods-GeoChat.release.xcconfig */ = {isa = PBXFileReference; includeInIndex = 1; lastKnownFileType = text.xcconfig; name = "Pods-GeoChat.release.xcconfig"; path = "Pods/Target Support Files/Pods-GeoChat/Pods-GeoChat.release.xcconfig"; sourceTree = "<group>"; };
		C43E4B6D1A66074B007A56B2 /* LeftViewController.h */ = {isa = PBXFileReference; fileEncoding = 4; lastKnownFileType = sourcecode.c.h; path = LeftViewController.h; sourceTree = "<group>"; };
		C43E4B6E1A66074B007A56B2 /* LeftViewController.m */ = {isa = PBXFileReference; fileEncoding = 4; lastKnownFileType = sourcecode.c.objc; path = LeftViewController.m; sourceTree = "<group>"; };
		C43E4B731A660D8A007A56B2 /* MMExampleDrawerVisualStateManager.h */ = {isa = PBXFileReference; fileEncoding = 4; lastKnownFileType = sourcecode.c.h; path = MMExampleDrawerVisualStateManager.h; sourceTree = "<group>"; };
		C43E4B741A660D8A007A56B2 /* MMExampleDrawerVisualStateManager.m */ = {isa = PBXFileReference; fileEncoding = 4; lastKnownFileType = sourcecode.c.objc; path = MMExampleDrawerVisualStateManager.m; sourceTree = "<group>"; };
		C4A253771A5E2A7C00D42F2F /* GeoChat.app */ = {isa = PBXFileReference; explicitFileType = wrapper.application; includeInIndex = 0; path = GeoChat.app; sourceTree = BUILT_PRODUCTS_DIR; };
		C4A2537B1A5E2A7C00D42F2F /* Info.plist */ = {isa = PBXFileReference; lastKnownFileType = text.plist.xml; path = Info.plist; sourceTree = "<group>"; };
		C4A2537C1A5E2A7C00D42F2F /* main.m */ = {isa = PBXFileReference; lastKnownFileType = sourcecode.c.objc; path = main.m; sourceTree = "<group>"; };
		C4A2537E1A5E2A7C00D42F2F /* AppDelegate.h */ = {isa = PBXFileReference; lastKnownFileType = sourcecode.c.h; path = AppDelegate.h; sourceTree = "<group>"; };
		C4A2537F1A5E2A7C00D42F2F /* AppDelegate.m */ = {isa = PBXFileReference; lastKnownFileType = sourcecode.c.objc; path = AppDelegate.m; sourceTree = "<group>"; };
		C4A253821A5E2A7C00D42F2F /* GeoChat.xcdatamodel */ = {isa = PBXFileReference; lastKnownFileType = wrapper.xcdatamodel; path = GeoChat.xcdatamodel; sourceTree = "<group>"; };
		C4A253881A5E2A7C00D42F2F /* Base */ = {isa = PBXFileReference; lastKnownFileType = file.storyboard; name = Base; path = Base.lproj/Main.storyboard; sourceTree = "<group>"; };
		C4A2538A1A5E2A7C00D42F2F /* Images.xcassets */ = {isa = PBXFileReference; lastKnownFileType = folder.assetcatalog; path = Images.xcassets; sourceTree = "<group>"; };
		C4A2538D1A5E2A7C00D42F2F /* Base */ = {isa = PBXFileReference; lastKnownFileType = file.xib; name = Base; path = Base.lproj/LaunchScreen.xib; sourceTree = "<group>"; };
		C4A253931A5E2A7C00D42F2F /* GeoChatTests.xctest */ = {isa = PBXFileReference; explicitFileType = wrapper.cfbundle; includeInIndex = 0; path = GeoChatTests.xctest; sourceTree = BUILT_PRODUCTS_DIR; };
		C4A253981A5E2A7C00D42F2F /* Info.plist */ = {isa = PBXFileReference; lastKnownFileType = text.plist.xml; path = Info.plist; sourceTree = "<group>"; };
		C4A253991A5E2A7C00D42F2F /* GeoChatTests.m */ = {isa = PBXFileReference; lastKnownFileType = sourcecode.c.objc; path = GeoChatTests.m; sourceTree = "<group>"; };
		C4A253AB1A5E4C0900D42F2F /* LoginViewController.h */ = {isa = PBXFileReference; fileEncoding = 4; lastKnownFileType = sourcecode.c.h; path = LoginViewController.h; sourceTree = "<group>"; };
		C4A253AC1A5E4C0900D42F2F /* LoginViewController.m */ = {isa = PBXFileReference; fileEncoding = 4; lastKnownFileType = sourcecode.c.objc; path = LoginViewController.m; sourceTree = "<group>"; };
/* End PBXFileReference section */

/* Begin PBXFrameworksBuildPhase section */
		C4A253741A5E2A7C00D42F2F /* Frameworks */ = {
			isa = PBXFrameworksBuildPhase;
			buildActionMask = 2147483647;
			files = (
				0437C0061A647CC5006030B1 /* FacebookSDK.framework in Frameworks */,
				04A8FF301A5FB25600E638E8 /* MapKit.framework in Frameworks */,
				21E8D90797A866748C2DD0C8 /* libPods-GeoChat.a in Frameworks */,
			);
			runOnlyForDeploymentPostprocessing = 0;
		};
		C4A253901A5E2A7C00D42F2F /* Frameworks */ = {
			isa = PBXFrameworksBuildPhase;
			buildActionMask = 2147483647;
			files = (
			);
			runOnlyForDeploymentPostprocessing = 0;
		};
/* End PBXFrameworksBuildPhase section */

/* Begin PBXGroup section */
		04A8FF2E1A5FAFF600E638E8 /* API Manager */ = {
			isa = PBXGroup;
			children = (
				04A8FF281A5FAFEC00E638E8 /* GeoChatManager.h */,
				04A8FF291A5FAFEC00E638E8 /* GeoChatManager.m */,
				04A8FF2A1A5FAFEC00E638E8 /* GeoChatUser.h */,
				04A8FF2B1A5FAFEC00E638E8 /* GeoChatUser.m */,
				0437C0001A63D2D7006030B1 /* GeoChatAPIManager.h */,
				0437C0011A63D2D7006030B1 /* GeoChatAPIManager.m */,
			);
			name = "API Manager";
			sourceTree = "<group>";
		};
		04A8FF3D1A5FB3EA00E638E8 /* images */ = {
			isa = PBXGroup;
			children = (
				04A8FF311A5FB3DF00E638E8 /* actions-ellipse.png */,
				04A8FF321A5FB3DF00E638E8 /* actions-ellipse@2x.png */,
				04A8FF331A5FB3DF00E638E8 /* actions-ellipse@3x.png */,
				04A8FF341A5FB3DF00E638E8 /* System-settings-icon.png */,
				04A8FF351A5FB3DF00E638E8 /* System-settings-icon@2x.png */,
				04A8FF361A5FB3DF00E638E8 /* System-settings-icon@3x.png */,
			);
			name = images;
			path = ..;
			sourceTree = "<group>";
		};
		6C350E6DFDEB1D7EA293C759 /* Pods */ = {
			isa = PBXGroup;
			children = (
				A62FCA1D7E2C900FECDC0FF4 /* Pods-GeoChat.debug.xcconfig */,
				BECA7C351FEDD1FD50636D0C /* Pods-GeoChat.release.xcconfig */,
			);
			name = Pods;
			sourceTree = "<group>";
		};
		6F71389B54F19EAC2F83DBA3 /* Frameworks */ = {
			isa = PBXGroup;
			children = (
				04A8FF2F1A5FB25600E638E8 /* MapKit.framework */,
				042056FB1A5F994C000AB9C6 /* FacebookSDK.framework */,
				354FA1921B2DA17F430ABB24 /* libPods-GeoChat.a */,
			);
			name = Frameworks;
			sourceTree = "<group>";
		};
		C4A2536E1A5E2A7C00D42F2F = {
			isa = PBXGroup;
			children = (
				C4A253791A5E2A7C00D42F2F /* GeoChat */,
				C4A253961A5E2A7C00D42F2F /* GeoChatTests */,
				C4A253781A5E2A7C00D42F2F /* Products */,
				6C350E6DFDEB1D7EA293C759 /* Pods */,
				6F71389B54F19EAC2F83DBA3 /* Frameworks */,
			);
			sourceTree = "<group>";
		};
		C4A253781A5E2A7C00D42F2F /* Products */ = {
			isa = PBXGroup;
			children = (
				C4A253771A5E2A7C00D42F2F /* GeoChat.app */,
				C4A253931A5E2A7C00D42F2F /* GeoChatTests.xctest */,
			);
			name = Products;
			sourceTree = "<group>";
		};
		C4A253791A5E2A7C00D42F2F /* GeoChat */ = {
			isa = PBXGroup;
			children = (
				04A8FF3D1A5FB3EA00E638E8 /* images */,
				04A8FF2E1A5FAFF600E638E8 /* API Manager */,
				C4A2537E1A5E2A7C00D42F2F /* AppDelegate.h */,
				C4A2537F1A5E2A7C00D42F2F /* AppDelegate.m */,
				C43E4B731A660D8A007A56B2 /* MMExampleDrawerVisualStateManager.h */,
				C43E4B741A660D8A007A56B2 /* MMExampleDrawerVisualStateManager.m */,
				C43E4B6D1A66074B007A56B2 /* LeftViewController.h */,
				C43E4B6E1A66074B007A56B2 /* LeftViewController.m */,
				C4A253871A5E2A7C00D42F2F /* Main.storyboard */,
				C4A253AB1A5E4C0900D42F2F /* LoginViewController.h */,
				C4A253AC1A5E4C0900D42F2F /* LoginViewController.m */,
				04A8FF251A5FAED600E638E8 /* MainViewController.h */,
				04A8FF261A5FAED600E638E8 /* MainViewController.m */,
				042E53811A608211001512A7 /* AddRoomViewController.h */,
				042E53821A608211001512A7 /* AddRoomViewController.m */,
				042E537E1A6081AC001512A7 /* ProfileViewController.h */,
				042E537F1A6081AC001512A7 /* ProfileViewController.m */,
				C4A2538A1A5E2A7C00D42F2F /* Images.xcassets */,
				C4A2538C1A5E2A7C00D42F2F /* LaunchScreen.xib */,
				C4A253811A5E2A7C00D42F2F /* GeoChat.xcdatamodeld */,
				C4A2537A1A5E2A7C00D42F2F /* Supporting Files */,
			);
			path = GeoChat;
			sourceTree = "<group>";
		};
		C4A2537A1A5E2A7C00D42F2F /* Supporting Files */ = {
			isa = PBXGroup;
			children = (
				C4A2537B1A5E2A7C00D42F2F /* Info.plist */,
				C4A2537C1A5E2A7C00D42F2F /* main.m */,
			);
			name = "Supporting Files";
			sourceTree = "<group>";
		};
		C4A253961A5E2A7C00D42F2F /* GeoChatTests */ = {
			isa = PBXGroup;
			children = (
				C4A253991A5E2A7C00D42F2F /* GeoChatTests.m */,
				C4A253971A5E2A7C00D42F2F /* Supporting Files */,
			);
			path = GeoChatTests;
			sourceTree = "<group>";
		};
		C4A253971A5E2A7C00D42F2F /* Supporting Files */ = {
			isa = PBXGroup;
			children = (
				C4A253981A5E2A7C00D42F2F /* Info.plist */,
			);
			name = "Supporting Files";
			sourceTree = "<group>";
		};
/* End PBXGroup section */

/* Begin PBXNativeTarget section */
		C4A253761A5E2A7C00D42F2F /* GeoChat */ = {
			isa = PBXNativeTarget;
			buildConfigurationList = C4A2539D1A5E2A7C00D42F2F /* Build configuration list for PBXNativeTarget "GeoChat" */;
			buildPhases = (
				12557740ADF28887AACDD767 /* Check Pods Manifest.lock */,
				C4A253731A5E2A7C00D42F2F /* Sources */,
				C4A253741A5E2A7C00D42F2F /* Frameworks */,
				C4A253751A5E2A7C00D42F2F /* Resources */,
				5F71A1011F6E037E23BC6273 /* Copy Pods Resources */,
			);
			buildRules = (
			);
			dependencies = (
			);
			name = GeoChat;
			productName = GeoChat;
			productReference = C4A253771A5E2A7C00D42F2F /* GeoChat.app */;
			productType = "com.apple.product-type.application";
		};
		C4A253921A5E2A7C00D42F2F /* GeoChatTests */ = {
			isa = PBXNativeTarget;
			buildConfigurationList = C4A253A01A5E2A7C00D42F2F /* Build configuration list for PBXNativeTarget "GeoChatTests" */;
			buildPhases = (
				C4A2538F1A5E2A7C00D42F2F /* Sources */,
				C4A253901A5E2A7C00D42F2F /* Frameworks */,
				C4A253911A5E2A7C00D42F2F /* Resources */,
			);
			buildRules = (
			);
			dependencies = (
				C4A253951A5E2A7C00D42F2F /* PBXTargetDependency */,
			);
			name = GeoChatTests;
			productName = GeoChatTests;
			productReference = C4A253931A5E2A7C00D42F2F /* GeoChatTests.xctest */;
			productType = "com.apple.product-type.bundle.unit-test";
		};
/* End PBXNativeTarget section */

/* Begin PBXProject section */
		C4A2536F1A5E2A7C00D42F2F /* Project object */ = {
			isa = PBXProject;
			attributes = {
				LastUpgradeCheck = 0610;
				ORGANIZATIONNAME = MosRedRocket;
				TargetAttributes = {
					C4A253761A5E2A7C00D42F2F = {
						CreatedOnToolsVersion = 6.1.1;
						DevelopmentTeam = 3K93EXS2KS;
					};
					C4A253921A5E2A7C00D42F2F = {
						CreatedOnToolsVersion = 6.1.1;
						TestTargetID = C4A253761A5E2A7C00D42F2F;
					};
				};
			};
			buildConfigurationList = C4A253721A5E2A7C00D42F2F /* Build configuration list for PBXProject "GeoChat" */;
			compatibilityVersion = "Xcode 3.2";
			developmentRegion = English;
			hasScannedForEncodings = 0;
			knownRegions = (
				en,
				Base,
			);
			mainGroup = C4A2536E1A5E2A7C00D42F2F;
			productRefGroup = C4A253781A5E2A7C00D42F2F /* Products */;
			projectDirPath = "";
			projectRoot = "";
			targets = (
				C4A253761A5E2A7C00D42F2F /* GeoChat */,
				C4A253921A5E2A7C00D42F2F /* GeoChatTests */,
			);
		};
/* End PBXProject section */

/* Begin PBXResourcesBuildPhase section */
		C4A253751A5E2A7C00D42F2F /* Resources */ = {
			isa = PBXResourcesBuildPhase;
			buildActionMask = 2147483647;
			files = (
				C4A253891A5E2A7C00D42F2F /* Main.storyboard in Resources */,
				04A8FF3B1A5FB3DF00E638E8 /* System-settings-icon@2x.png in Resources */,
				C4A2538E1A5E2A7C00D42F2F /* LaunchScreen.xib in Resources */,
				04A8FF3C1A5FB3DF00E638E8 /* System-settings-icon@3x.png in Resources */,
				04A8FF3A1A5FB3DF00E638E8 /* System-settings-icon.png in Resources */,
				04A8FF391A5FB3DF00E638E8 /* actions-ellipse@3x.png in Resources */,
				04A8FF371A5FB3DF00E638E8 /* actions-ellipse.png in Resources */,
				C4A2538B1A5E2A7C00D42F2F /* Images.xcassets in Resources */,
				04A8FF381A5FB3DF00E638E8 /* actions-ellipse@2x.png in Resources */,
			);
			runOnlyForDeploymentPostprocessing = 0;
		};
		C4A253911A5E2A7C00D42F2F /* Resources */ = {
			isa = PBXResourcesBuildPhase;
			buildActionMask = 2147483647;
			files = (
			);
			runOnlyForDeploymentPostprocessing = 0;
		};
/* End PBXResourcesBuildPhase section */

/* Begin PBXShellScriptBuildPhase section */
		12557740ADF28887AACDD767 /* Check Pods Manifest.lock */ = {
			isa = PBXShellScriptBuildPhase;
			buildActionMask = 2147483647;
			files = (
			);
			inputPaths = (
			);
			name = "Check Pods Manifest.lock";
			outputPaths = (
			);
			runOnlyForDeploymentPostprocessing = 0;
			shellPath = /bin/sh;
			shellScript = "diff \"${PODS_ROOT}/../Podfile.lock\" \"${PODS_ROOT}/Manifest.lock\" > /dev/null\nif [[ $? != 0 ]] ; then\n    cat << EOM\nerror: The sandbox is not in sync with the Podfile.lock. Run 'pod install' or update your CocoaPods installation.\nEOM\n    exit 1\nfi\n";
			showEnvVarsInLog = 0;
		};
		5F71A1011F6E037E23BC6273 /* Copy Pods Resources */ = {
			isa = PBXShellScriptBuildPhase;
			buildActionMask = 2147483647;
			files = (
			);
			inputPaths = (
			);
			name = "Copy Pods Resources";
			outputPaths = (
			);
			runOnlyForDeploymentPostprocessing = 0;
			shellPath = /bin/sh;
			shellScript = "\"${SRCROOT}/Pods/Target Support Files/Pods-GeoChat/Pods-GeoChat-resources.sh\"\n";
			showEnvVarsInLog = 0;
		};
/* End PBXShellScriptBuildPhase section */

/* Begin PBXSourcesBuildPhase section */
		C4A253731A5E2A7C00D42F2F /* Sources */ = {
			isa = PBXSourcesBuildPhase;
			buildActionMask = 2147483647;
			files = (
				0437C0021A63D2D7006030B1 /* GeoChatAPIManager.m in Sources */,
				C4A253AD1A5E4C0900D42F2F /* LoginViewController.m in Sources */,
				042E53831A608211001512A7 /* AddRoomViewController.m in Sources */,
				04A8FF2C1A5FAFEC00E638E8 /* GeoChatManager.m in Sources */,
				042E53801A6081AC001512A7 /* ProfileViewController.m in Sources */,
				C4A253801A5E2A7C00D42F2F /* AppDelegate.m in Sources */,
				04A8FF2D1A5FAFEC00E638E8 /* GeoChatUser.m in Sources */,
				C4A253831A5E2A7C00D42F2F /* GeoChat.xcdatamodeld in Sources */,
				C43E4B6F1A66074B007A56B2 /* LeftViewController.m in Sources */,
				04A8FF271A5FAED600E638E8 /* MainViewController.m in Sources */,
				C4A2537D1A5E2A7C00D42F2F /* main.m in Sources */,
				C43E4B751A660D8A007A56B2 /* MMExampleDrawerVisualStateManager.m in Sources */,
			);
			runOnlyForDeploymentPostprocessing = 0;
		};
		C4A2538F1A5E2A7C00D42F2F /* Sources */ = {
			isa = PBXSourcesBuildPhase;
			buildActionMask = 2147483647;
			files = (
				C4A2539A1A5E2A7C00D42F2F /* GeoChatTests.m in Sources */,
			);
			runOnlyForDeploymentPostprocessing = 0;
		};
/* End PBXSourcesBuildPhase section */

/* Begin PBXTargetDependency section */
		C4A253951A5E2A7C00D42F2F /* PBXTargetDependency */ = {
			isa = PBXTargetDependency;
			target = C4A253761A5E2A7C00D42F2F /* GeoChat */;
			targetProxy = C4A253941A5E2A7C00D42F2F /* PBXContainerItemProxy */;
		};
/* End PBXTargetDependency section */

/* Begin PBXVariantGroup section */
		C4A253871A5E2A7C00D42F2F /* Main.storyboard */ = {
			isa = PBXVariantGroup;
			children = (
				C4A253881A5E2A7C00D42F2F /* Base */,
			);
			name = Main.storyboard;
			sourceTree = "<group>";
		};
		C4A2538C1A5E2A7C00D42F2F /* LaunchScreen.xib */ = {
			isa = PBXVariantGroup;
			children = (
				C4A2538D1A5E2A7C00D42F2F /* Base */,
			);
			name = LaunchScreen.xib;
			sourceTree = "<group>";
		};
/* End PBXVariantGroup section */

/* Begin XCBuildConfiguration section */
		C4A2539B1A5E2A7C00D42F2F /* Debug */ = {
			isa = XCBuildConfiguration;
			buildSettings = {
				ALWAYS_SEARCH_USER_PATHS = NO;
				CLANG_CXX_LANGUAGE_STANDARD = "gnu++0x";
				CLANG_CXX_LIBRARY = "libc++";
				CLANG_ENABLE_MODULES = YES;
				CLANG_ENABLE_OBJC_ARC = YES;
				CLANG_WARN_BOOL_CONVERSION = YES;
				CLANG_WARN_CONSTANT_CONVERSION = YES;
				CLANG_WARN_DIRECT_OBJC_ISA_USAGE = YES_ERROR;
				CLANG_WARN_EMPTY_BODY = YES;
				CLANG_WARN_ENUM_CONVERSION = YES;
				CLANG_WARN_INT_CONVERSION = YES;
				CLANG_WARN_OBJC_ROOT_CLASS = YES_ERROR;
				CLANG_WARN_UNREACHABLE_CODE = YES;
				CLANG_WARN__DUPLICATE_METHOD_MATCH = YES;
				"CODE_SIGN_IDENTITY[sdk=iphoneos*]" = "iPhone Developer";
				COPY_PHASE_STRIP = NO;
				ENABLE_STRICT_OBJC_MSGSEND = YES;
				GCC_C_LANGUAGE_STANDARD = gnu99;
				GCC_DYNAMIC_NO_PIC = NO;
				GCC_OPTIMIZATION_LEVEL = 0;
				GCC_PREPROCESSOR_DEFINITIONS = (
					"DEBUG=1",
					"$(inherited)",
				);
				GCC_SYMBOLS_PRIVATE_EXTERN = NO;
				GCC_WARN_64_TO_32_BIT_CONVERSION = YES;
				GCC_WARN_ABOUT_RETURN_TYPE = YES_ERROR;
				GCC_WARN_UNDECLARED_SELECTOR = YES;
				GCC_WARN_UNINITIALIZED_AUTOS = YES_AGGRESSIVE;
				GCC_WARN_UNUSED_FUNCTION = YES;
				GCC_WARN_UNUSED_VARIABLE = YES;
				IPHONEOS_DEPLOYMENT_TARGET = 8.1;
				MTL_ENABLE_DEBUG_INFO = YES;
				ONLY_ACTIVE_ARCH = YES;
				SDKROOT = iphoneos;
			};
			name = Debug;
		};
		C4A2539C1A5E2A7C00D42F2F /* Release */ = {
			isa = XCBuildConfiguration;
			buildSettings = {
				ALWAYS_SEARCH_USER_PATHS = NO;
				CLANG_CXX_LANGUAGE_STANDARD = "gnu++0x";
				CLANG_CXX_LIBRARY = "libc++";
				CLANG_ENABLE_MODULES = YES;
				CLANG_ENABLE_OBJC_ARC = YES;
				CLANG_WARN_BOOL_CONVERSION = YES;
				CLANG_WARN_CONSTANT_CONVERSION = YES;
				CLANG_WARN_DIRECT_OBJC_ISA_USAGE = YES_ERROR;
				CLANG_WARN_EMPTY_BODY = YES;
				CLANG_WARN_ENUM_CONVERSION = YES;
				CLANG_WARN_INT_CONVERSION = YES;
				CLANG_WARN_OBJC_ROOT_CLASS = YES_ERROR;
				CLANG_WARN_UNREACHABLE_CODE = YES;
				CLANG_WARN__DUPLICATE_METHOD_MATCH = YES;
				"CODE_SIGN_IDENTITY[sdk=iphoneos*]" = "iPhone Developer";
				COPY_PHASE_STRIP = YES;
				ENABLE_NS_ASSERTIONS = NO;
				ENABLE_STRICT_OBJC_MSGSEND = YES;
				GCC_C_LANGUAGE_STANDARD = gnu99;
				GCC_WARN_64_TO_32_BIT_CONVERSION = YES;
				GCC_WARN_ABOUT_RETURN_TYPE = YES_ERROR;
				GCC_WARN_UNDECLARED_SELECTOR = YES;
				GCC_WARN_UNINITIALIZED_AUTOS = YES_AGGRESSIVE;
				GCC_WARN_UNUSED_FUNCTION = YES;
				GCC_WARN_UNUSED_VARIABLE = YES;
				IPHONEOS_DEPLOYMENT_TARGET = 8.1;
				MTL_ENABLE_DEBUG_INFO = NO;
				SDKROOT = iphoneos;
				VALIDATE_PRODUCT = YES;
			};
			name = Release;
		};
		C4A2539E1A5E2A7C00D42F2F /* Debug */ = {
			isa = XCBuildConfiguration;
			baseConfigurationReference = A62FCA1D7E2C900FECDC0FF4 /* Pods-GeoChat.debug.xcconfig */;
			buildSettings = {
				ASSETCATALOG_COMPILER_APPICON_NAME = AppIcon;
				CODE_SIGN_IDENTITY = "iPhone Developer";
				"CODE_SIGN_IDENTITY[sdk=iphoneos*]" = "iPhone Developer";
				FRAMEWORK_SEARCH_PATHS = (
					"$(inherited)",
					/Users/iMuzz/Documents/FacebookSDK,
					/Users/mac/Documents/FacebookSDK,
				);
				INFOPLIST_FILE = GeoChat/Info.plist;
				LD_RUNPATH_SEARCH_PATHS = "$(inherited) @executable_path/Frameworks";
				PRODUCT_NAME = "$(TARGET_NAME)";
				PROVISIONING_PROFILE = "";
			};
			name = Debug;
		};
		C4A2539F1A5E2A7C00D42F2F /* Release */ = {
			isa = XCBuildConfiguration;
			baseConfigurationReference = BECA7C351FEDD1FD50636D0C /* Pods-GeoChat.release.xcconfig */;
			buildSettings = {
				ASSETCATALOG_COMPILER_APPICON_NAME = AppIcon;
				CODE_SIGN_IDENTITY = "iPhone Developer";
				"CODE_SIGN_IDENTITY[sdk=iphoneos*]" = "iPhone Developer";
				FRAMEWORK_SEARCH_PATHS = (
					"$(inherited)",
					/Users/iMuzz/Documents/FacebookSDK,
					/Users/mac/Documents/FacebookSDK,
				);
				INFOPLIST_FILE = GeoChat/Info.plist;
				LD_RUNPATH_SEARCH_PATHS = "$(inherited) @executable_path/Frameworks";
				PRODUCT_NAME = "$(TARGET_NAME)";
				PROVISIONING_PROFILE = "";
			};
			name = Release;
		};
		C4A253A11A5E2A7C00D42F2F /* Debug */ = {
			isa = XCBuildConfiguration;
			buildSettings = {
				BUNDLE_LOADER = "$(TEST_HOST)";
				FRAMEWORK_SEARCH_PATHS = (
					"$(SDKROOT)/Developer/Library/Frameworks",
					"$(inherited)",
				);
				GCC_PREPROCESSOR_DEFINITIONS = (
					"DEBUG=1",
					"$(inherited)",
				);
				INFOPLIST_FILE = GeoChatTests/Info.plist;
				LD_RUNPATH_SEARCH_PATHS = "$(inherited) @executable_path/Frameworks @loader_path/Frameworks";
				PRODUCT_NAME = "$(TARGET_NAME)";
				TEST_HOST = "$(BUILT_PRODUCTS_DIR)/GeoChat.app/GeoChat";
			};
			name = Debug;
		};
		C4A253A21A5E2A7C00D42F2F /* Release */ = {
			isa = XCBuildConfiguration;
			buildSettings = {
				BUNDLE_LOADER = "$(TEST_HOST)";
				FRAMEWORK_SEARCH_PATHS = (
					"$(SDKROOT)/Developer/Library/Frameworks",
					"$(inherited)",
				);
				INFOPLIST_FILE = GeoChatTests/Info.plist;
				LD_RUNPATH_SEARCH_PATHS = "$(inherited) @executable_path/Frameworks @loader_path/Frameworks";
				PRODUCT_NAME = "$(TARGET_NAME)";
				TEST_HOST = "$(BUILT_PRODUCTS_DIR)/GeoChat.app/GeoChat";
			};
			name = Release;
		};
/* End XCBuildConfiguration section */

/* Begin XCConfigurationList section */
		C4A253721A5E2A7C00D42F2F /* Build configuration list for PBXProject "GeoChat" */ = {
			isa = XCConfigurationList;
			buildConfigurations = (
				C4A2539B1A5E2A7C00D42F2F /* Debug */,
				C4A2539C1A5E2A7C00D42F2F /* Release */,
			);
			defaultConfigurationIsVisible = 0;
			defaultConfigurationName = Release;
		};
		C4A2539D1A5E2A7C00D42F2F /* Build configuration list for PBXNativeTarget "GeoChat" */ = {
			isa = XCConfigurationList;
			buildConfigurations = (
				C4A2539E1A5E2A7C00D42F2F /* Debug */,
				C4A2539F1A5E2A7C00D42F2F /* Release */,
			);
			defaultConfigurationIsVisible = 0;
			defaultConfigurationName = Release;
		};
		C4A253A01A5E2A7C00D42F2F /* Build configuration list for PBXNativeTarget "GeoChatTests" */ = {
			isa = XCConfigurationList;
			buildConfigurations = (
				C4A253A11A5E2A7C00D42F2F /* Debug */,
				C4A253A21A5E2A7C00D42F2F /* Release */,
			);
			defaultConfigurationIsVisible = 0;
			defaultConfigurationName = Release;
		};
/* End XCConfigurationList section */

/* Begin XCVersionGroup section */
		C4A253811A5E2A7C00D42F2F /* GeoChat.xcdatamodeld */ = {
			isa = XCVersionGroup;
			children = (
				C4A253821A5E2A7C00D42F2F /* GeoChat.xcdatamodel */,
			);
			currentVersion = C4A253821A5E2A7C00D42F2F /* GeoChat.xcdatamodel */;
			path = GeoChat.xcdatamodeld;
			sourceTree = "<group>";
			versionGroupType = wrapper.xcdatamodel;
		};
/* End XCVersionGroup section */
	};
	rootObject = C4A2536F1A5E2A7C00D42F2F /* Project object */;
}
